
Microsoft Visual Studio Solution File, Format Version 12.00
# Visual Studio 14
VisualStudioVersion = 14.0.25420.1
MinimumVisualStudioVersion = 10.0.40219.1
Project("{9092AA53-FB77-4645-B42D-1CCCA6BD08BD}") = "0x44449", "0x44449\0x44449.njsproj", "{09960064-85DE-448E-9956-E45036A2B16C}"
EndProject
Global
	GlobalSection(SolutionConfigurationPlatforms) = preSolution
		Debug|Any CPU = Debug|Any CPU
		Release|Any CPU = Release|Any CPU
	EndGlobalSection
	GlobalSection(ProjectConfigurationPlatforms) = postSolution
		{09960064-85DE-448E-9956-E45036A2B16C}.Debug|Any CPU.ActiveCfg = Debug|Any CPU
		{09960064-85DE-448E-9956-E45036A2B16C}.Debug|Any CPU.Build.0 = Debug|Any CPU
		{09960064-85DE-448E-9956-E45036A2B16C}.Release|Any CPU.ActiveCfg = Release|Any CPU
		{09960064-85DE-448E-9956-E45036A2B16C}.Release|Any CPU.Build.0 = Release|Any CPU
	EndGlobalSection
	GlobalSection(SolutionProperties) = preSolution
		HideSolutionNode = FALSE
	EndGlobalSection
EndGlobal
